Microsoft Visual Studio Solution File, Format Version 12.00
# Visual Studio Version 17
VisualStudioVersion = 17.3.0.0
MinimumVisualStudioVersion = 10.0.40219.1
Project("{4d628b5b-2fbc-4aa6-8c16-197242aeb884}") = "server", "server\server.vcxproj", "{A2F4B9D2-47E6-4B9A-8D13-9F7E6B1C2A3E}"
EndProject
Global
	GlobalSection(SolutionConfigurationPlatforms) = preSolution
		Debug|x64 = Debug|x64
		Release|x64 = Release|x64
	EndGlobalSection
	GlobalSection(ProjectConfigurationPlatforms) = postSolution
		{A2F4B9D2-47E6-4B9A-8D13-9F7E6B1C2A3E}.Debug|x64.ActiveCfg = Debug|x64
		{A2F4B9D2-47E6-4B9A-8D13-9F7E6B1C2A3E}.Debug|x64.Build.0 = Debug|x64
		{A2F4B9D2-47E6-4B9A-8D13-9F7E6B1C2A3E}.Release|x64.ActiveCfg = Release|x64
		{A2F4B9D2-47E6-4B9A-8D13-9F7E6B1C2A3E}.Release|x64.Build.0 = Release|x64
	EndGlobalSection
	GlobalSection(SolutionProperties) = preSolution
		HideSolutionNode = FALSE
	EndGlobalSection
EndGlobal
